
Microsoft Visual Studio Solution File, Format Version 12.00
# Visual Studio Version 17
VisualStudioVersion = 17.8.34525.116
MinimumVisualStudioVersion = 10.0.40219.1
Project("{FAE04EC0-301F-11D3-BF4B-00C04F79EFBC}") = "NikLab", "NikLab.csproj", "{FADCD7AB-9167-44BD-AD6F-CD8E8242587D}"
EndProject
Global
	GlobalSection(SolutionConfigurationPlatforms) = preSolution
		Debug|Any CPU = Debug|Any CPU
		Release|Any CPU = Release|Any CPU
	EndGlobalSection
	GlobalSection(ProjectConfigurationPlatforms) = postSolution
		{FADCD7AB-9167-44BD-AD6F-CD8E8242587D}.Debug|Any CPU.ActiveCfg = Debug|Any CPU
		{FADCD7AB-9167-44BD-AD6F-CD8E8242587D}.Debug|Any CPU.Build.0 = Debug|Any CPU
		{FADCD7AB-9167-44BD-AD6F-CD8E8242587D}.Release|Any CPU.ActiveCfg = Release|Any CPU
		{FADCD7AB-9167-44BD-AD6F-CD8E8242587D}.Release|Any CPU.Build.0 = Release|Any CPU
	EndGlobalSection
	GlobalSection(SolutionProperties) = preSolution
		HideSolutionNode = FALSE
	EndGlobalSection
	GlobalSection(ExtensibilityGlobals) = postSolution
		SolutionGuid = {C7E69196-5F87-491E-A3C8-37CF5DB744CD}
	EndGlobalSection
EndGlobal
